
Microsoft Visual Studio Solution File, Format Version 12.00
# Visual Studio Version 16
VisualStudioVersion = 16.0.30011.22
MinimumVisualStudioVersion = 10.0.40219.1
Project("{FAE04EC0-301F-11D3-BF4B-00C04F79EFBC}") = "Interfaz", "Interfaz\Interfaz.csproj", "{1FA0CC60-8E3F-4B6D-A04A-32E784662F5F}"
EndProject
Project("{FAE04EC0-301F-11D3-BF4B-00C04F79EFBC}") = "AccesoDatos", "AccesoDatos2\AccesoDatos.csproj", "{9E48797B-644F-488D-93E4-7D079AA1A3C1}"
EndProject
Project("{FAE04EC0-301F-11D3-BF4B-00C04F79EFBC}") = "LogicaNegocio", "LogicaNegocio\LogicaNegocio.csproj", "{702017B7-4FC9-4220-B942-94BC9BD02C76}"
EndProject
Global
	GlobalSection(SolutionConfigurationPlatforms) = preSolution
		Debug|Any CPU = Debug|Any CPU
		Release|Any CPU = Release|Any CPU
	EndGlobalSection
	GlobalSection(ProjectConfigurationPlatforms) = postSolution
		{1FA0CC60-8E3F-4B6D-A04A-32E784662F5F}.Debug|Any CPU.ActiveCfg = Debug|Any CPU
		{1FA0CC60-8E3F-4B6D-A04A-32E784662F5F}.Debug|Any CPU.Build.0 = Debug|Any CPU
		{1FA0CC60-8E3F-4B6D-A04A-32E784662F5F}.Release|Any CPU.ActiveCfg = Release|Any CPU
		{1FA0CC60-8E3F-4B6D-A04A-32E784662F5F}.Release|Any CPU.Build.0 = Release|Any CPU
		{9E48797B-644F-488D-93E4-7D079AA1A3C1}.Debug|Any CPU.ActiveCfg = Debug|Any CPU
		{9E48797B-644F-488D-93E4-7D079AA1A3C1}.Debug|Any CPU.Build.0 = Debug|Any CPU
		{9E48797B-644F-488D-93E4-7D079AA1A3C1}.Release|Any CPU.ActiveCfg = Release|Any CPU
		{9E48797B-644F-488D-93E4-7D079AA1A3C1}.Release|Any CPU.Build.0 = Release|Any CPU
		{702017B7-4FC9-4220-B942-94BC9BD02C76}.Debug|Any CPU.ActiveCfg = Debug|Any CPU
		{702017B7-4FC9-4220-B942-94BC9BD02C76}.Debug|Any CPU.Build.0 = Debug|Any CPU
		{702017B7-4FC9-4220-B942-94BC9BD02C76}.Release|Any CPU.ActiveCfg = Release|Any CPU
		{702017B7-4FC9-4220-B942-94BC9BD02C76}.Release|Any CPU.Build.0 = Release|Any CPU
	EndGlobalSection
	GlobalSection(SolutionProperties) = preSolution
		HideSolutionNode = FALSE
	EndGlobalSection
	GlobalSection(ExtensibilityGlobals) = postSolution
		SolutionGuid = {0D8A78F9-8C1E-4651-9FD0-0B55F9888DA3}
	EndGlobalSection
EndGlobal
